// !$*UTF8*$!
{
	archiveVersion = 1;
	classes = {
	};
	objectVersion = 50;
	objects = {

/* Begin PBXBuildFile section */
		6D3B569722DE4DDF004AF076 /* AppDelegate.swift in Sources */ = {isa = PBXBuildFile; fileRef = 6D3B569622DE4DDF004AF076 /* AppDelegate.swift */; };
		6D3B569922DE4DDF004AF076 /* ViewController.swift in Sources */ = {isa = PBXBuildFile; fileRef = 6D3B569822DE4DDF004AF076 /* ViewController.swift */; };
		6D3B569C22DE4DDF004AF076 /* Main.storyboard in Resources */ = {isa = PBXBuildFile; fileRef = 6D3B569A22DE4DDF004AF076 /* Main.storyboard */; };
		6D3B569E22DE4DE1004AF076 /* Assets.xcassets in Resources */ = {isa = PBXBuildFile; fileRef = 6D3B569D22DE4DE1004AF076 /* Assets.xcassets */; };
		6D3B56A122DE4DE1004AF076 /* LaunchScreen.storyboard in Resources */ = {isa = PBXBuildFile; fileRef = 6D3B569F22DE4DE1004AF076 /* LaunchScreen.storyboard */; };
		6D3B56AC22DE4DE1004AF076 /* FirsIOSProjectConcentrationTests.swift in Sources */ = {isa = PBXBuildFile; fileRef = 6D3B56AB22DE4DE1004AF076 /* FirsIOSProjectConcentrationTests.swift */; };
		6D3B56B722DE4DE1004AF076 /* FirsIOSProjectConcentrationUITests.swift in Sources */ = {isa = PBXBuildFile; fileRef = 6D3B56B622DE4DE1004AF076 /* FirsIOSProjectConcentrationUITests.swift */; };
/* End PBXBuildFile section */

/* Begin PBXContainerItemProxy section */
		6D3B56A822DE4DE1004AF076 /* PBXContainerItemProxy */ = {
			isa = PBXContainerItemProxy;
			containerPortal = 6D3B568B22DE4DDF004AF076 /* Project object */;
			proxyType = 1;
			remoteGlobalIDString = 6D3B569222DE4DDF004AF076;
			remoteInfo = FirsIOSProjectConcentration;
		};
		6D3B56B322DE4DE1004AF076 /* PBXContainerItemProxy */ = {
			isa = PBXContainerItemProxy;
			containerPortal = 6D3B568B22DE4DDF004AF076 /* Project object */;
			proxyType = 1;
			remoteGlobalIDString = 6D3B569222DE4DDF004AF076;
			remoteInfo = FirsIOSProjectConcentration;
		};
/* End PBXContainerItemProxy section */

/* Begin PBXFileReference section */
		6D3B569322DE4DDF004AF076 /* FirsIOSProjectConcentration.app */ = {isa = PBXFileReference; explicitFileType = wrapper.application; includeInIndex = 0; path = FirsIOSProjectConcentration.app; sourceTree = BUILT_PRODUCTS_DIR; };
		6D3B569622DE4DDF004AF076 /* AppDelegate.swift */ = {isa = PBXFileReference; lastKnownFileType = sourcecode.swift; path = AppDelegate.swift; sourceTree = "<group>"; };
		6D3B569822DE4DDF004AF076 /* ViewController.swift */ = {isa = PBXFileReference; lastKnownFileType = sourcecode.swift; path = ViewController.swift; sourceTree = "<group>"; };
		6D3B569B22DE4DDF004AF076 /* Base */ = {isa = PBXFileReference; lastKnownFileType = file.storyboard; name = Base; path = Base.lproj/Main.storyboard; sourceTree = "<group>"; };
		6D3B569D22DE4DE1004AF076 /* Assets.xcassets */ = {isa = PBXFileReference; lastKnownFileType = folder.assetcatalog; path = Assets.xcassets; sourceTree = "<group>"; };
		6D3B56A022DE4DE1004AF076 /* Base */ = {isa = PBXFileReference; lastKnownFileType = file.storyboard; name = Base; path = Base.lproj/LaunchScreen.storyboard; sourceTree = "<group>"; };
		6D3B56A222DE4DE1004AF076 /* Info.plist */ = {isa = PBXFileReference; lastKnownFileType = text.plist.xml; path = Info.plist; sourceTree = "<group>"; };
		6D3B56A722DE4DE1004AF076 /* FirsIOSProjectConcentrationTests.xctest */ = {isa = PBXFileReference; explicitFileType = wrapper.cfbundle; includeInIndex = 0; path = FirsIOSProjectConcentrationTests.xctest; sourceTree = BUILT_PRODUCTS_DIR; };
		6D3B56AB22DE4DE1004AF076 /* FirsIOSProjectConcentrationTests.swift */ = {isa = PBXFileReference; lastKnownFileType = sourcecode.swift; path = FirsIOSProjectConcentrationTests.swift; sourceTree = "<group>"; };
		6D3B56AD22DE4DE1004AF076 /* Info.plist */ = {isa = PBXFileReference; lastKnownFileType = text.plist.xml; path = Info.plist; sourceTree = "<group>"; };
		6D3B56B222DE4DE1004AF076 /* FirsIOSProjectConcentrationUITests.xctest */ = {isa = PBXFileReference; explicitFileType = wrapper.cfbundle; includeInIndex = 0; path = FirsIOSProjectConcentrationUITests.xctest; sourceTree = BUILT_PRODUCTS_DIR; };
		6D3B56B622DE4DE1004AF076 /* FirsIOSProjectConcentrationUITests.swift */ = {isa = PBXFileReference; lastKnownFileType = sourcecode.swift; path = FirsIOSProjectConcentrationUITests.swift; sourceTree = "<group>"; };
		6D3B56B822DE4DE1004AF076 /* Info.plist */ = {isa = PBXFileReference; lastKnownFileType = text.plist.xml; path = Info.plist; sourceTree = "<group>"; };
/* End PBXFileReference section */

/* Begin PBXFrameworksBuildPhase section */
		6D3B569022DE4DDF004AF076 /* Frameworks */ = {
			isa = PBXFrameworksBuildPhase;
			buildActionMask = 2147483647;
			files = (
			);
			runOnlyForDeploymentPostprocessing = 0;
		};
		6D3B56A422DE4DE1004AF076 /* Frameworks */ = {
			isa = PBXFrameworksBuildPhase;
			buildActionMask = 2147483647;
			files = (
			);
			runOnlyForDeploymentPostprocessing = 0;
		};
		6D3B56AF22DE4DE1004AF076 /* Frameworks */ = {
			isa = PBXFrameworksBuildPhase;
			buildActionMask = 2147483647;
			files = (
			);
			runOnlyForDeploymentPostprocessing = 0;
		};
/* End PBXFrameworksBuildPhase section */

/* Begin PBXGroup section */
		6D3B568A22DE4DDF004AF076 = {
			isa = PBXGroup;
			children = (
				6D3B569522DE4DDF004AF076 /* FirsIOSProjectConcentration */,
				6D3B56AA22DE4DE1004AF076 /* FirsIOSProjectConcentrationTests */,
				6D3B56B522DE4DE1004AF076 /* FirsIOSProjectConcentrationUITests */,
				6D3B569422DE4DDF004AF076 /* Products */,
			);
			sourceTree = "<group>";
		};
		6D3B569422DE4DDF004AF076 /* Products */ = {
			isa = PBXGroup;
			children = (
				6D3B569322DE4DDF004AF076 /* FirsIOSProjectConcentration.app */,
				6D3B56A722DE4DE1004AF076 /* FirsIOSProjectConcentrationTests.xctest */,
				6D3B56B222DE4DE1004AF076 /* FirsIOSProjectConcentrationUITests.xctest */,
			);
			name = Products;
			sourceTree = "<group>";
		};
		6D3B569522DE4DDF004AF076 /* FirsIOSProjectConcentration */ = {
			isa = PBXGroup;
			children = (
				6D3B56C422DF9053004AF076 /* SupportFiles */,
				6D3B569822DE4DDF004AF076 /* ViewController.swift */,
				6D3B569A22DE4DDF004AF076 /* Main.storyboard */,
				6D3B56A222DE4DE1004AF076 /* Info.plist */,
			);
			path = FirsIOSProjectConcentration;
			sourceTree = "<group>";
		};
		6D3B56AA22DE4DE1004AF076 /* FirsIOSProjectConcentrationTests */ = {
			isa = PBXGroup;
			children = (
				6D3B56AB22DE4DE1004AF076 /* FirsIOSProjectConcentrationTests.swift */,
				6D3B56AD22DE4DE1004AF076 /* Info.plist */,
			);
			path = FirsIOSProjectConcentrationTests;
			sourceTree = "<group>";
		};
		6D3B56B522DE4DE1004AF076 /* FirsIOSProjectConcentrationUITests */ = {
			isa = PBXGroup;
			children = (
				6D3B56B622DE4DE1004AF076 /* FirsIOSProjectConcentrationUITests.swift */,
				6D3B56B822DE4DE1004AF076 /* Info.plist */,
			);
			path = FirsIOSProjectConcentrationUITests;
			sourceTree = "<group>";
		};
		6D3B56C422DF9053004AF076 /* SupportFiles */ = {
			isa = PBXGroup;
			children = (
				6D3B569F22DE4DE1004AF076 /* LaunchScreen.storyboard */,
				6D3B569D22DE4DE1004AF076 /* Assets.xcassets */,
				6D3B569622DE4DDF004AF076 /* AppDelegate.swift */,
			);
			path = SupportFiles;
			sourceTree = "<group>";
		};
/* End PBXGroup section */

/* Begin PBXNativeTarget section */
		6D3B569222DE4DDF004AF076 /* FirsIOSProjectConcentration */ = {
			isa = PBXNativeTarget;
			buildConfigurationList = 6D3B56BB22DE4DE1004AF076 /* Build configuration list for PBXNativeTarget "FirsIOSProjectConcentration" */;
			buildPhases = (
				6D3B568F22DE4DDF004AF076 /* Sources */,
				6D3B569022DE4DDF004AF076 /* Frameworks */,
				6D3B569122DE4DDF004AF076 /* Resources */,
			);
			buildRules = (
			);
			dependencies = (
			);
			name = FirsIOSProjectConcentration;
			productName = FirsIOSProjectConcentration;
			productReference = 6D3B569322DE4DDF004AF076 /* FirsIOSProjectConcentration.app */;
			productType = "com.apple.product-type.application";
		};
		6D3B56A622DE4DE1004AF076 /* FirsIOSProjectConcentrationTests */ = {
			isa = PBXNativeTarget;
			buildConfigurationList = 6D3B56BE22DE4DE1004AF076 /* Build configuration list for PBXNativeTarget "FirsIOSProjectConcentrationTests" */;
			buildPhases = (
				6D3B56A322DE4DE1004AF076 /* Sources */,
				6D3B56A422DE4DE1004AF076 /* Frameworks */,
				6D3B56A522DE4DE1004AF076 /* Resources */,
			);
			buildRules = (
			);
			dependencies = (
				6D3B56A922DE4DE1004AF076 /* PBXTargetDependency */,
			);
			name = FirsIOSProjectConcentrationTests;
			productName = FirsIOSProjectConcentrationTests;
			productReference = 6D3B56A722DE4DE1004AF076 /* FirsIOSProjectConcentrationTests.xctest */;
			productType = "com.apple.product-type.bundle.unit-test";
		};
		6D3B56B122DE4DE1004AF076 /* FirsIOSProjectConcentrationUITests */ = {
			isa = PBXNativeTarget;
			buildConfigurationList = 6D3B56C122DE4DE1004AF076 /* Build configuration list for PBXNativeTarget "FirsIOSProjectConcentrationUITests" */;
			buildPhases = (
				6D3B56AE22DE4DE1004AF076 /* Sources */,
				6D3B56AF22DE4DE1004AF076 /* Frameworks */,
				6D3B56B022DE4DE1004AF076 /* Resources */,
			);
			buildRules = (
			);
			dependencies = (
				6D3B56B422DE4DE1004AF076 /* PBXTargetDependency */,
			);
			name = FirsIOSProjectConcentrationUITests;
			productName = FirsIOSProjectConcentrationUITests;
			productReference = 6D3B56B222DE4DE1004AF076 /* FirsIOSProjectConcentrationUITests.xctest */;
			productType = "com.apple.product-type.bundle.ui-testing";
		};
/* End PBXNativeTarget section */

/* Begin PBXProject section */
		6D3B568B22DE4DDF004AF076 /* Project object */ = {
			isa = PBXProject;
			attributes = {
				LastSwiftUpdateCheck = 1020;
				LastUpgradeCheck = 1020;
				ORGANIZATIONNAME = "Karina Hadad de Souza";
				TargetAttributes = {
					6D3B569222DE4DDF004AF076 = {
						CreatedOnToolsVersion = 10.2.1;
					};
					6D3B56A622DE4DE1004AF076 = {
						CreatedOnToolsVersion = 10.2.1;
						TestTargetID = 6D3B569222DE4DDF004AF076;
					};
					6D3B56B122DE4DE1004AF076 = {
						CreatedOnToolsVersion = 10.2.1;
						TestTargetID = 6D3B569222DE4DDF004AF076;
					};
				};
			};
			buildConfigurationList = 6D3B568E22DE4DDF004AF076 /* Build configuration list for PBXProject "FirsIOSProjectConcentration" */;
			compatibilityVersion = "Xcode 9.3";
			developmentRegion = en;
			hasScannedForEncodings = 0;
			knownRegions = (
				en,
				Base,
			);
			mainGroup = 6D3B568A22DE4DDF004AF076;
			productRefGroup = 6D3B569422DE4DDF004AF076 /* Products */;
			projectDirPath = "";
			projectRoot = "";
			targets = (
				6D3B569222DE4DDF004AF076 /* FirsIOSProjectConcentration */,
				6D3B56A622DE4DE1004AF076 /* FirsIOSProjectConcentrationTests */,
				6D3B56B122DE4DE1004AF076 /* FirsIOSProjectConcentrationUITests */,
			);
		};
/* End PBXProject section */

/* Begin PBXResourcesBuildPhase section */
		6D3B569122DE4DDF004AF076 /* Resources */ = {
			isa = PBXResourcesBuildPhase;
			buildActionMask = 2147483647;
			files = (
				6D3B56A122DE4DE1004AF076 /* LaunchScreen.storyboard in Resources */,
				6D3B569E22DE4DE1004AF076 /* Assets.xcassets in Resources */,
				6D3B569C22DE4DDF004AF076 /* Main.storyboard in Resources */,
			);
			runOnlyForDeploymentPostprocessing = 0;
		};
		6D3B56A522DE4DE1004AF076 /* Resources */ = {
			isa = PBXResourcesBuildPhase;
			buildActionMask = 2147483647;
			files = (
			);
			runOnlyForDeploymentPostprocessing = 0;
		};
		6D3B56B022DE4DE1004AF076 /* Resources */ = {
			isa = PBXResourcesBuildPhase;
			buildActionMask = 2147483647;
			files = (
			);
			runOnlyForDeploymentPostprocessing = 0;
		};
/* End PBXResourcesBuildPhase section */

/* Begin PBXSourcesBuildPhase section */
		6D3B568F22DE4DDF004AF076 /* Sources */ = {
			isa = PBXSourcesBuildPhase;
			buildActionMask = 2147483647;
			files = (
				6D3B569922DE4DDF004AF076 /* ViewController.swift in Sources */,
				6D3B569722DE4DDF004AF076 /* AppDelegate.swift in Sources */,
			);
			runOnlyForDeploymentPostprocessing = 0;
		};
		6D3B56A322DE4DE1004AF076 /* Sources */ = {
			isa = PBXSourcesBuildPhase;
			buildActionMask = 2147483647;
			files = (
				6D3B56AC22DE4DE1004AF076 /* FirsIOSProjectConcentrationTests.swift in Sources */,
			);
			runOnlyForDeploymentPostprocessing = 0;
		};
		6D3B56AE22DE4DE1004AF076 /* Sources */ = {
			isa = PBXSourcesBuildPhase;
			buildActionMask = 2147483647;
			files = (
				6D3B56B722DE4DE1004AF076 /* FirsIOSProjectConcentrationUITests.swift in Sources */,
			);
			runOnlyForDeploymentPostprocessing = 0;
		};
/* End PBXSourcesBuildPhase section */

/* Begin PBXTargetDependency section */
		6D3B56A922DE4DE1004AF076 /* PBXTargetDependency */ = {
			isa = PBXTargetDependency;
			target = 6D3B569222DE4DDF004AF076 /* FirsIOSProjectConcentration */;
			targetProxy = 6D3B56A822DE4DE1004AF076 /* PBXContainerItemProxy */;
		};
		6D3B56B422DE4DE1004AF076 /* PBXTargetDependency */ = {
			isa = PBXTargetDependency;
			target = 6D3B569222DE4DDF004AF076 /* FirsIOSProjectConcentration */;
			targetProxy = 6D3B56B322DE4DE1004AF076 /* PBXContainerItemProxy */;
		};
/* End PBXTargetDependency section */

/* Begin PBXVariantGroup section */
		6D3B569A22DE4DDF004AF076 /* Main.storyboard */ = {
			isa = PBXVariantGroup;
			children = (
				6D3B569B22DE4DDF004AF076 /* Base */,
			);
			name = Main.storyboard;
			sourceTree = "<group>";
		};
		6D3B569F22DE4DE1004AF076 /* LaunchScreen.storyboard */ = {
			isa = PBXVariantGroup;
			children = (
				6D3B56A022DE4DE1004AF076 /* Base */,
			);
			name = LaunchScreen.storyboard;
			sourceTree = "<group>";
		};
/* End PBXVariantGroup section */

/* Begin XCBuildConfiguration section */
		6D3B56B922DE4DE1004AF076 /* Debug */ = {
			isa = XCBuildConfiguration;
			buildSettings = {
				ALWAYS_SEARCH_USER_PATHS = NO;
				CLANG_ANALYZER_NONNULL = YES;
				CLANG_ANALYZER_NUMBER_OBJECT_CONVERSION = YES_AGGRESSIVE;
				CLANG_CXX_LANGUAGE_STANDARD = "gnu++14";
				CLANG_CXX_LIBRARY = "libc++";
				CLANG_ENABLE_MODULES = YES;
				CLANG_ENABLE_OBJC_ARC = YES;
				CLANG_ENABLE_OBJC_WEAK = YES;
				CLANG_WARN_BLOCK_CAPTURE_AUTORELEASING = YES;
				CLANG_WARN_BOOL_CONVERSION = YES;
				CLANG_WARN_COMMA = YES;
				CLANG_WARN_CONSTANT_CONVERSION = YES;
				CLANG_WARN_DEPRECATED_OBJC_IMPLEMENTATIONS = YES;
				CLANG_WARN_DIRECT_OBJC_ISA_USAGE = YES_ERROR;
				CLANG_WARN_DOCUMENTATION_COMMENTS = YES;
				CLANG_WARN_EMPTY_BODY = YES;
				CLANG_WARN_ENUM_CONVERSION = YES;
				CLANG_WARN_INFINITE_RECURSION = YES;
				CLANG_WARN_INT_CONVERSION = YES;
				CLANG_WARN_NON_LITERAL_NULL_CONVERSION = YES;
				CLANG_WARN_OBJC_IMPLICIT_RETAIN_SELF = YES;
				CLANG_WARN_OBJC_LITERAL_CONVERSION = YES;
				CLANG_WARN_OBJC_ROOT_CLASS = YES_ERROR;
				CLANG_WARN_RANGE_LOOP_ANALYSIS = YES;
				CLANG_WARN_STRICT_PROTOTYPES = YES;
				CLANG_WARN_SUSPICIOUS_MOVE = YES;
				CLANG_WARN_UNGUARDED_AVAILABILITY = YES_AGGRESSIVE;
				CLANG_WARN_UNREACHABLE_CODE = YES;
				CLANG_WARN__DUPLICATE_METHOD_MATCH = YES;
				CODE_SIGN_IDENTITY = "iPhone Developer";
				COPY_PHASE_STRIP = NO;
				DEBUG_INFORMATION_FORMAT = dwarf;
				ENABLE_STRICT_OBJC_MSGSEND = YES;
				ENABLE_TESTABILITY = YES;
				GCC_C_LANGUAGE_STANDARD = gnu11;
				GCC_DYNAMIC_NO_PIC = NO;
				GCC_NO_COMMON_BLOCKS = YES;
				GCC_OPTIMIZATION_LEVEL = 0;
				GCC_PREPROCESSOR_DEFINITIONS = (
					"DEBUG=1",
					"$(inherited)",
				);
				GCC_WARN_64_TO_32_BIT_CONVERSION = YES;
				GCC_WARN_ABOUT_RETURN_TYPE = YES_ERROR;
				GCC_WARN_UNDECLARED_SELECTOR = YES;
				GCC_WARN_UNINITIALIZED_AUTOS = YES_AGGRESSIVE;
				GCC_WARN_UNUSED_FUNCTION = YES;
				GCC_WARN_UNUSED_VARIABLE = YES;
				IPHONEOS_DEPLOYMENT_TARGET = 12.2;
				MTL_ENABLE_DEBUG_INFO = INCLUDE_SOURCE;
				MTL_FAST_MATH = YES;
				ONLY_ACTIVE_ARCH = YES;
				SDKROOT = iphoneos;
				SWIFT_ACTIVE_COMPILATION_CONDITIONS = DEBUG;
				SWIFT_OPTIMIZATION_LEVEL = "-Onone";
			};
			name = Debug;
		};
		6D3B56BA22DE4DE1004AF076 /* Release */ = {
			isa = XCBuildConfiguration;
			buildSettings = {
				ALWAYS_SEARCH_USER_PATHS = NO;
				CLANG_ANALYZER_NONNULL = YES;
				CLANG_ANALYZER_NUMBER_OBJECT_CONVERSION = YES_AGGRESSIVE;
				CLANG_CXX_LANGUAGE_STANDARD = "gnu++14";
				CLANG_CXX_LIBRARY = "libc++";
				CLANG_ENABLE_MODULES = YES;
				CLANG_ENABLE_OBJC_ARC = YES;
				CLANG_ENABLE_OBJC_WEAK = YES;
				CLANG_WARN_BLOCK_CAPTURE_AUTORELEASING = YES;
				CLANG_WARN_BOOL_CONVERSION = YES;
				CLANG_WARN_COMMA = YES;
				CLANG_WARN_CONSTANT_CONVERSION = YES;
				CLANG_WARN_DEPRECATED_OBJC_IMPLEMENTATIONS = YES;
				CLANG_WARN_DIRECT_OBJC_ISA_USAGE = YES_ERROR;
				CLANG_WARN_DOCUMENTATION_COMMENTS = YES;
				CLANG_WARN_EMPTY_BODY = YES;
				CLANG_WARN_ENUM_CONVERSION = YES;
				CLANG_WARN_INFINITE_RECURSION = YES;
				CLANG_WARN_INT_CONVERSION = YES;
				CLANG_WARN_NON_LITERAL_NULL_CONVERSION = YES;
				CLANG_WARN_OBJC_IMPLICIT_RETAIN_SELF = YES;
				CLANG_WARN_OBJC_LITERAL_CONVERSION = YES;
				CLANG_WARN_OBJC_ROOT_CLASS = YES_ERROR;
				CLANG_WARN_RANGE_LOOP_ANALYSIS = YES;
				CLANG_WARN_STRICT_PROTOTYPES = YES;
				CLANG_WARN_SUSPICIOUS_MOVE = YES;
				CLANG_WARN_UNGUARDED_AVAILABILITY = YES_AGGRESSIVE;
				CLANG_WARN_UNREACHABLE_CODE = YES;
				CLANG_WARN__DUPLICATE_METHOD_MATCH = YES;
				CODE_SIGN_IDENTITY = "iPhone Developer";
				COPY_PHASE_STRIP = NO;
				DEBUG_INFORMATION_FORMAT = "dwarf-with-dsym";
				ENABLE_NS_ASSERTIONS = NO;
				ENABLE_STRICT_OBJC_MSGSEND = YES;
				GCC_C_LANGUAGE_STANDARD = gnu11;
				GCC_NO_COMMON_BLOCKS = YES;
				GCC_WARN_64_TO_32_BIT_CONVERSION = YES;
				GCC_WARN_ABOUT_RETURN_TYPE = YES_ERROR;
				GCC_WARN_UNDECLARED_SELECTOR = YES;
				GCC_WARN_UNINITIALIZED_AUTOS = YES_AGGRESSIVE;
				GCC_WARN_UNUSED_FUNCTION = YES;
				GCC_WARN_UNUSED_VARIABLE = YES;
				IPHONEOS_DEPLOYMENT_TARGET = 12.2;
				MTL_ENABLE_DEBUG_INFO = NO;
				MTL_FAST_MATH = YES;
				SDKROOT = iphoneos;
				SWIFT_COMPILATION_MODE = wholemodule;
				SWIFT_OPTIMIZATION_LEVEL = "-O";
				VALIDATE_PRODUCT = YES;
			};
			name = Release;
		};
		6D3B56BC22DE4DE1004AF076 /* Debug */ = {
			isa = XCBuildConfiguration;
			buildSettings = {
				ASSETCATALOG_COMPILER_APPICON_NAME = AppIcon;
				CODE_SIGN_STYLE = Automatic;
				DEVELOPMENT_TEAM = 559ZUS8KA9;
				INFOPLIST_FILE = FirsIOSProjectConcentration/Info.plist;
				LD_RUNPATH_SEARCH_PATHS = (
					"$(inherited)",
					"@executable_path/Frameworks",
				);
				PRODUCT_BUNDLE_IDENTIFIER = Home.FirsIOSProjectConcentration;
				PRODUCT_NAME = "$(TARGET_NAME)";
				SWIFT_VERSION = 5.0;
				TARGETED_DEVICE_FAMILY = "1,2";
			};
			name = Debug;
		};
		6D3B56BD22DE4DE1004AF076 /* Release */ = {
			isa = XCBuildConfiguration;
			buildSettings = {
				ASSETCATALOG_COMPILER_APPICON_NAME = AppIcon;
				CODE_SIGN_STYLE = Automatic;
				DEVELOPMENT_TEAM = 559ZUS8KA9;
				INFOPLIST_FILE = FirsIOSProjectConcentration/Info.plist;
				LD_RUNPATH_SEARCH_PATHS = (
					"$(inherited)",
					"@executable_path/Frameworks",
				);
				PRODUCT_BUNDLE_IDENTIFIER = Home.FirsIOSProjectConcentration;
				PRODUCT_NAME = "$(TARGET_NAME)";
				SWIFT_VERSION = 5.0;
				TARGETED_DEVICE_FAMILY = "1,2";
			};
			name = Release;
		};
		6D3B56BF22DE4DE1004AF076 /* Debug */ = {
			isa = XCBuildConfiguration;
			buildSettings = {
				ALWAYS_EMBED_SWIFT_STANDARD_LIBRARIES = YES;
				BUNDLE_LOADER = "$(TEST_HOST)";
				CODE_SIGN_STYLE = Automatic;
				DEVELOPMENT_TEAM = 559ZUS8KA9;
				INFOPLIST_FILE = FirsIOSProjectConcentrationTests/Info.plist;
				LD_RUNPATH_SEARCH_PATHS = (
					"$(inherited)",
					"@executable_path/Frameworks",
					"@loader_path/Frameworks",
				);
				PRODUCT_BUNDLE_IDENTIFIER = Home.FirsIOSProjectConcentrationTests;
				PRODUCT_NAME = "$(TARGET_NAME)";
				SWIFT_VERSION = 5.0;
				TARGETED_DEVICE_FAMILY = "1,2";
				TEST_HOST = "$(BUILT_PRODUCTS_DIR)/FirsIOSProjectConcentration.app/FirsIOSProjectConcentration";
			};
			name = Debug;
		};
		6D3B56C022DE4DE1004AF076 /* Release */ = {
			isa = XCBuildConfiguration;
			buildSettings = {
				ALWAYS_EMBED_SWIFT_STANDARD_LIBRARIES = YES;
				BUNDLE_LOADER = "$(TEST_HOST)";
				CODE_SIGN_STYLE = Automatic;
				DEVELOPMENT_TEAM = 559ZUS8KA9;
				INFOPLIST_FILE = FirsIOSProjectConcentrationTests/Info.plist;
				LD_RUNPATH_SEARCH_PATHS = (
					"$(inherited)",
					"@executable_path/Frameworks",
					"@loader_path/Frameworks",
				);
				PRODUCT_BUNDLE_IDENTIFIER = Home.FirsIOSProjectConcentrationTests;
				PRODUCT_NAME = "$(TARGET_NAME)";
				SWIFT_VERSION = 5.0;
				TARGETED_DEVICE_FAMILY = "1,2";
				TEST_HOST = "$(BUILT_PRODUCTS_DIR)/FirsIOSProjectConcentration.app/FirsIOSProjectConcentration";
			};
			name = Release;
		};
		6D3B56C222DE4DE1004AF076 /* Debug */ = {
			isa = XCBuildConfiguration;
			buildSettings = {
				ALWAYS_EMBED_SWIFT_STANDARD_LIBRARIES = YES;
				CODE_SIGN_STYLE = Automatic;
				DEVELOPMENT_TEAM = 559ZUS8KA9;
				INFOPLIST_FILE = FirsIOSProjectConcentrationUITests/Info.plist;
				LD_RUNPATH_SEARCH_PATHS = (
					"$(inherited)",
					"@executable_path/Frameworks",
					"@loader_path/Frameworks",
				);
				PRODUCT_BUNDLE_IDENTIFIER = Home.FirsIOSProjectConcentrationUITests;
				PRODUCT_NAME = "$(TARGET_NAME)";
				SWIFT_VERSION = 5.0;
				TARGETED_DEVICE_FAMILY = "1,2";
				TEST_TARGET_NAME = FirsIOSProjectConcentration;
			};
			name = Debug;
		};
		6D3B56C322DE4DE1004AF076 /* Release */ = {
			isa = XCBuildConfiguration;
			buildSettings = {
				ALWAYS_EMBED_SWIFT_STANDARD_LIBRARIES = YES;
				CODE_SIGN_STYLE = Automatic;
				DEVELOPMENT_TEAM = 559ZUS8KA9;
				INFOPLIST_FILE = FirsIOSProjectConcentrationUITests/Info.plist;
				LD_RUNPATH_SEARCH_PATHS = (
					"$(inherited)",
					"@executable_path/Frameworks",
					"@loader_path/Frameworks",
				);
				PRODUCT_BUNDLE_IDENTIFIER = Home.FirsIOSProjectConcentrationUITests;
				PRODUCT_NAME = "$(TARGET_NAME)";
				SWIFT_VERSION = 5.0;
				TARGETED_DEVICE_FAMILY = "1,2";
				TEST_TARGET_NAME = FirsIOSProjectConcentration;
			};
			name = Release;
		};
/* End XCBuildConfiguration section */

/* Begin XCConfigurationList section */
		6D3B568E22DE4DDF004AF076 /* Build configuration list for PBXProject "FirsIOSProjectConcentration" */ = {
			isa = XCConfigurationList;
			buildConfigurations = (
				6D3B56B922DE4DE1004AF076 /* Debug */,
				6D3B56BA22DE4DE1004AF076 /* Release */,
			);
			defaultConfigurationIsVisible = 0;
			defaultConfigurationName = Release;
		};
		6D3B56BB22DE4DE1004AF076 /* Build configuration list for PBXNativeTarget "FirsIOSProjectConcentration" */ = {
			isa = XCConfigurationList;
			buildConfigurations = (
				6D3B56BC22DE4DE1004AF076 /* Debug */,
				6D3B56BD22DE4DE1004AF076 /* Release */,
			);
			defaultConfigurationIsVisible = 0;
			defaultConfigurationName = Release;
		};
		6D3B56BE22DE4DE1004AF076 /* Build configuration list for PBXNativeTarget "FirsIOSProjectConcentrationTests" */ = {
			isa = XCConfigurationList;
			buildConfigurations = (
				6D3B56BF22DE4DE1004AF076 /* Debug */,
				6D3B56C022DE4DE1004AF076 /* Release */,
			);
			defaultConfigurationIsVisible = 0;
			defaultConfigurationName = Release;
		};
		6D3B56C122DE4DE1004AF076 /* Build configuration list for PBXNativeTarget "FirsIOSProjectConcentrationUITests" */ = {
			isa = XCConfigurationList;
			buildConfigurations = (
				6D3B56C222DE4DE1004AF076 /* Debug */,
				6D3B56C322DE4DE1004AF076 /* Release */,
			);
			defaultConfigurationIsVisible = 0;
			defaultConfigurationName = Release;
		};
/* End XCConfigurationList section */
	};
	rootObject = 6D3B568B22DE4DDF004AF076 /* Project object */;
}
