// !$*UTF8*$!
{
	archiveVersion = 1;
	classes = {
	};
	objectVersion = 50;
	objects = {

/* Begin PBXBuildFile section */
		6DCC977B22E8DB4E00FA4123 /* AppDelegate.swift in Sources */ = {isa = PBXBuildFile; fileRef = 6DCC977A22E8DB4E00FA4123 /* AppDelegate.swift */; };
		6DCC977D22E8DB4E00FA4123 /* ViewController.swift in Sources */ = {isa = PBXBuildFile; fileRef = 6DCC977C22E8DB4E00FA4123 /* ViewController.swift */; };
		6DCC978022E8DB4E00FA4123 /* Main.storyboard in Resources */ = {isa = PBXBuildFile; fileRef = 6DCC977E22E8DB4E00FA4123 /* Main.storyboard */; };
		6DCC978222E8DB5000FA4123 /* Assets.xcassets in Resources */ = {isa = PBXBuildFile; fileRef = 6DCC978122E8DB5000FA4123 /* Assets.xcassets */; };
		6DCC978522E8DB5000FA4123 /* LaunchScreen.storyboard in Resources */ = {isa = PBXBuildFile; fileRef = 6DCC978322E8DB5000FA4123 /* LaunchScreen.storyboard */; };
		6DCC979022E8DB5000FA4123 /* ExercisesTests.swift in Sources */ = {isa = PBXBuildFile; fileRef = 6DCC978F22E8DB5000FA4123 /* ExercisesTests.swift */; };
		6DCC979B22E8DB5000FA4123 /* ExercisesUITests.swift in Sources */ = {isa = PBXBuildFile; fileRef = 6DCC979A22E8DB5000FA4123 /* ExercisesUITests.swift */; };
/* End PBXBuildFile section */

/* Begin PBXContainerItemProxy section */
		6DCC978C22E8DB5000FA4123 /* PBXContainerItemProxy */ = {
			isa = PBXContainerItemProxy;
			containerPortal = 6DCC976F22E8DB4E00FA4123 /* Project object */;
			proxyType = 1;
			remoteGlobalIDString = 6DCC977622E8DB4E00FA4123;
			remoteInfo = Exercises;
		};
		6DCC979722E8DB5000FA4123 /* PBXContainerItemProxy */ = {
			isa = PBXContainerItemProxy;
			containerPortal = 6DCC976F22E8DB4E00FA4123 /* Project object */;
			proxyType = 1;
			remoteGlobalIDString = 6DCC977622E8DB4E00FA4123;
			remoteInfo = Exercises;
		};
/* End PBXContainerItemProxy section */

/* Begin PBXFileReference section */
		6DCC977722E8DB4E00FA4123 /* Exercises.app */ = {isa = PBXFileReference; explicitFileType = wrapper.application; includeInIndex = 0; path = Exercises.app; sourceTree = BUILT_PRODUCTS_DIR; };
		6DCC977A22E8DB4E00FA4123 /* AppDelegate.swift */ = {isa = PBXFileReference; lastKnownFileType = sourcecode.swift; path = AppDelegate.swift; sourceTree = "<group>"; };
		6DCC977C22E8DB4E00FA4123 /* ViewController.swift */ = {isa = PBXFileReference; lastKnownFileType = sourcecode.swift; path = ViewController.swift; sourceTree = "<group>"; };
		6DCC977F22E8DB4E00FA4123 /* Base */ = {isa = PBXFileReference; lastKnownFileType = file.storyboard; name = Base; path = Base.lproj/Main.storyboard; sourceTree = "<group>"; };
		6DCC978122E8DB5000FA4123 /* Assets.xcassets */ = {isa = PBXFileReference; lastKnownFileType = folder.assetcatalog; path = Assets.xcassets; sourceTree = "<group>"; };
		6DCC978422E8DB5000FA4123 /* Base */ = {isa = PBXFileReference; lastKnownFileType = file.storyboard; name = Base; path = Base.lproj/LaunchScreen.storyboard; sourceTree = "<group>"; };
		6DCC978622E8DB5000FA4123 /* Info.plist */ = {isa = PBXFileReference; lastKnownFileType = text.plist.xml; path = Info.plist; sourceTree = "<group>"; };
		6DCC978B22E8DB5000FA4123 /* ExercisesTests.xctest */ = {isa = PBXFileReference; explicitFileType = wrapper.cfbundle; includeInIndex = 0; path = ExercisesTests.xctest; sourceTree = BUILT_PRODUCTS_DIR; };
		6DCC978F22E8DB5000FA4123 /* ExercisesTests.swift */ = {isa = PBXFileReference; lastKnownFileType = sourcecode.swift; path = ExercisesTests.swift; sourceTree = "<group>"; };
		6DCC979122E8DB5000FA4123 /* Info.plist */ = {isa = PBXFileReference; lastKnownFileType = text.plist.xml; path = Info.plist; sourceTree = "<group>"; };
		6DCC979622E8DB5000FA4123 /* ExercisesUITests.xctest */ = {isa = PBXFileReference; explicitFileType = wrapper.cfbundle; includeInIndex = 0; path = ExercisesUITests.xctest; sourceTree = BUILT_PRODUCTS_DIR; };
		6DCC979A22E8DB5000FA4123 /* ExercisesUITests.swift */ = {isa = PBXFileReference; lastKnownFileType = sourcecode.swift; path = ExercisesUITests.swift; sourceTree = "<group>"; };
		6DCC979C22E8DB5000FA4123 /* Info.plist */ = {isa = PBXFileReference; lastKnownFileType = text.plist.xml; path = Info.plist; sourceTree = "<group>"; };
/* End PBXFileReference section */

/* Begin PBXFrameworksBuildPhase section */
		6DCC977422E8DB4E00FA4123 /* Frameworks */ = {
			isa = PBXFrameworksBuildPhase;
			buildActionMask = 2147483647;
			files = (
			);
			runOnlyForDeploymentPostprocessing = 0;
		};
		6DCC978822E8DB5000FA4123 /* Frameworks */ = {
			isa = PBXFrameworksBuildPhase;
			buildActionMask = 2147483647;
			files = (
			);
			runOnlyForDeploymentPostprocessing = 0;
		};
		6DCC979322E8DB5000FA4123 /* Frameworks */ = {
			isa = PBXFrameworksBuildPhase;
			buildActionMask = 2147483647;
			files = (
			);
			runOnlyForDeploymentPostprocessing = 0;
		};
/* End PBXFrameworksBuildPhase section */

/* Begin PBXGroup section */
		6DCC976E22E8DB4E00FA4123 = {
			isa = PBXGroup;
			children = (
				6DCC977922E8DB4E00FA4123 /* Exercises */,
				6DCC978E22E8DB5000FA4123 /* ExercisesTests */,
				6DCC979922E8DB5000FA4123 /* ExercisesUITests */,
				6DCC977822E8DB4E00FA4123 /* Products */,
			);
			sourceTree = "<group>";
		};
		6DCC977822E8DB4E00FA4123 /* Products */ = {
			isa = PBXGroup;
			children = (
				6DCC977722E8DB4E00FA4123 /* Exercises.app */,
				6DCC978B22E8DB5000FA4123 /* ExercisesTests.xctest */,
				6DCC979622E8DB5000FA4123 /* ExercisesUITests.xctest */,
			);
			name = Products;
			sourceTree = "<group>";
		};
		6DCC977922E8DB4E00FA4123 /* Exercises */ = {
			isa = PBXGroup;
			children = (
				6DCC977A22E8DB4E00FA4123 /* AppDelegate.swift */,
				6DCC977C22E8DB4E00FA4123 /* ViewController.swift */,
				6DCC977E22E8DB4E00FA4123 /* Main.storyboard */,
				6DCC978122E8DB5000FA4123 /* Assets.xcassets */,
				6DCC978322E8DB5000FA4123 /* LaunchScreen.storyboard */,
				6DCC978622E8DB5000FA4123 /* Info.plist */,
			);
			path = Exercises;
			sourceTree = "<group>";
		};
		6DCC978E22E8DB5000FA4123 /* ExercisesTests */ = {
			isa = PBXGroup;
			children = (
				6DCC978F22E8DB5000FA4123 /* ExercisesTests.swift */,
				6DCC979122E8DB5000FA4123 /* Info.plist */,
			);
			path = ExercisesTests;
			sourceTree = "<group>";
		};
		6DCC979922E8DB5000FA4123 /* ExercisesUITests */ = {
			isa = PBXGroup;
			children = (
				6DCC979A22E8DB5000FA4123 /* ExercisesUITests.swift */,
				6DCC979C22E8DB5000FA4123 /* Info.plist */,
			);
			path = ExercisesUITests;
			sourceTree = "<group>";
		};
/* End PBXGroup section */

/* Begin PBXNativeTarget section */
		6DCC977622E8DB4E00FA4123 /* Exercises */ = {
			isa = PBXNativeTarget;
			buildConfigurationList = 6DCC979F22E8DB5000FA4123 /* Build configuration list for PBXNativeTarget "Exercises" */;
			buildPhases = (
				6DCC977322E8DB4E00FA4123 /* Sources */,
				6DCC977422E8DB4E00FA4123 /* Frameworks */,
				6DCC977522E8DB4E00FA4123 /* Resources */,
			);
			buildRules = (
			);
			dependencies = (
			);
			name = Exercises;
			productName = Exercises;
			productReference = 6DCC977722E8DB4E00FA4123 /* Exercises.app */;
			productType = "com.apple.product-type.application";
		};
		6DCC978A22E8DB5000FA4123 /* ExercisesTests */ = {
			isa = PBXNativeTarget;
			buildConfigurationList = 6DCC97A222E8DB5000FA4123 /* Build configuration list for PBXNativeTarget "ExercisesTests" */;
			buildPhases = (
				6DCC978722E8DB5000FA4123 /* Sources */,
				6DCC978822E8DB5000FA4123 /* Frameworks */,
				6DCC978922E8DB5000FA4123 /* Resources */,
			);
			buildRules = (
			);
			dependencies = (
				6DCC978D22E8DB5000FA4123 /* PBXTargetDependency */,
			);
			name = ExercisesTests;
			productName = ExercisesTests;
			productReference = 6DCC978B22E8DB5000FA4123 /* ExercisesTests.xctest */;
			productType = "com.apple.product-type.bundle.unit-test";
		};
		6DCC979522E8DB5000FA4123 /* ExercisesUITests */ = {
			isa = PBXNativeTarget;
			buildConfigurationList = 6DCC97A522E8DB5000FA4123 /* Build configuration list for PBXNativeTarget "ExercisesUITests" */;
			buildPhases = (
				6DCC979222E8DB5000FA4123 /* Sources */,
				6DCC979322E8DB5000FA4123 /* Frameworks */,
				6DCC979422E8DB5000FA4123 /* Resources */,
			);
			buildRules = (
			);
			dependencies = (
				6DCC979822E8DB5000FA4123 /* PBXTargetDependency */,
			);
			name = ExercisesUITests;
			productName = ExercisesUITests;
			productReference = 6DCC979622E8DB5000FA4123 /* ExercisesUITests.xctest */;
			productType = "com.apple.product-type.bundle.ui-testing";
		};
/* End PBXNativeTarget section */

/* Begin PBXProject section */
		6DCC976F22E8DB4E00FA4123 /* Project object */ = {
			isa = PBXProject;
			attributes = {
				LastSwiftUpdateCheck = 1030;
				LastUpgradeCheck = 1030;
				ORGANIZATIONNAME = "Karina Hadad de Souza";
				TargetAttributes = {
					6DCC977622E8DB4E00FA4123 = {
						CreatedOnToolsVersion = 10.3;
					};
					6DCC978A22E8DB5000FA4123 = {
						CreatedOnToolsVersion = 10.3;
						TestTargetID = 6DCC977622E8DB4E00FA4123;
					};
					6DCC979522E8DB5000FA4123 = {
						CreatedOnToolsVersion = 10.3;
						TestTargetID = 6DCC977622E8DB4E00FA4123;
					};
				};
			};
			buildConfigurationList = 6DCC977222E8DB4E00FA4123 /* Build configuration list for PBXProject "Exercises" */;
			compatibilityVersion = "Xcode 9.3";
			developmentRegion = en;
			hasScannedForEncodings = 0;
			knownRegions = (
				en,
				Base,
			);
			mainGroup = 6DCC976E22E8DB4E00FA4123;
			productRefGroup = 6DCC977822E8DB4E00FA4123 /* Products */;
			projectDirPath = "";
			projectRoot = "";
			targets = (
				6DCC977622E8DB4E00FA4123 /* Exercises */,
				6DCC978A22E8DB5000FA4123 /* ExercisesTests */,
				6DCC979522E8DB5000FA4123 /* ExercisesUITests */,
			);
		};
/* End PBXProject section */

/* Begin PBXResourcesBuildPhase section */
		6DCC977522E8DB4E00FA4123 /* Resources */ = {
			isa = PBXResourcesBuildPhase;
			buildActionMask = 2147483647;
			files = (
				6DCC978522E8DB5000FA4123 /* LaunchScreen.storyboard in Resources */,
				6DCC978222E8DB5000FA4123 /* Assets.xcassets in Resources */,
				6DCC978022E8DB4E00FA4123 /* Main.storyboard in Resources */,
			);
			runOnlyForDeploymentPostprocessing = 0;
		};
		6DCC978922E8DB5000FA4123 /* Resources */ = {
			isa = PBXResourcesBuildPhase;
			buildActionMask = 2147483647;
			files = (
			);
			runOnlyForDeploymentPostprocessing = 0;
		};
		6DCC979422E8DB5000FA4123 /* Resources */ = {
			isa = PBXResourcesBuildPhase;
			buildActionMask = 2147483647;
			files = (
			);
			runOnlyForDeploymentPostprocessing = 0;
		};
/* End PBXResourcesBuildPhase section */

/* Begin PBXSourcesBuildPhase section */
		6DCC977322E8DB4E00FA4123 /* Sources */ = {
			isa = PBXSourcesBuildPhase;
			buildActionMask = 2147483647;
			files = (
				6DCC977D22E8DB4E00FA4123 /* ViewController.swift in Sources */,
				6DCC977B22E8DB4E00FA4123 /* AppDelegate.swift in Sources */,
			);
			runOnlyForDeploymentPostprocessing = 0;
		};
		6DCC978722E8DB5000FA4123 /* Sources */ = {
			isa = PBXSourcesBuildPhase;
			buildActionMask = 2147483647;
			files = (
				6DCC979022E8DB5000FA4123 /* ExercisesTests.swift in Sources */,
			);
			runOnlyForDeploymentPostprocessing = 0;
		};
		6DCC979222E8DB5000FA4123 /* Sources */ = {
			isa = PBXSourcesBuildPhase;
			buildActionMask = 2147483647;
			files = (
				6DCC979B22E8DB5000FA4123 /* ExercisesUITests.swift in Sources */,
			);
			runOnlyForDeploymentPostprocessing = 0;
		};
/* End PBXSourcesBuildPhase section */

/* Begin PBXTargetDependency section */
		6DCC978D22E8DB5000FA4123 /* PBXTargetDependency */ = {
			isa = PBXTargetDependency;
			target = 6DCC977622E8DB4E00FA4123 /* Exercises */;
			targetProxy = 6DCC978C22E8DB5000FA4123 /* PBXContainerItemProxy */;
		};
		6DCC979822E8DB5000FA4123 /* PBXTargetDependency */ = {
			isa = PBXTargetDependency;
			target = 6DCC977622E8DB4E00FA4123 /* Exercises */;
			targetProxy = 6DCC979722E8DB5000FA4123 /* PBXContainerItemProxy */;
		};
/* End PBXTargetDependency section */

/* Begin PBXVariantGroup section */
		6DCC977E22E8DB4E00FA4123 /* Main.storyboard */ = {
			isa = PBXVariantGroup;
			children = (
				6DCC977F22E8DB4E00FA4123 /* Base */,
			);
			name = Main.storyboard;
			sourceTree = "<group>";
		};
		6DCC978322E8DB5000FA4123 /* LaunchScreen.storyboard */ = {
			isa = PBXVariantGroup;
			children = (
				6DCC978422E8DB5000FA4123 /* Base */,
			);
			name = LaunchScreen.storyboard;
			sourceTree = "<group>";
		};
/* End PBXVariantGroup section */

/* Begin XCBuildConfiguration section */
		6DCC979D22E8DB5000FA4123 /* Debug */ = {
			isa = XCBuildConfiguration;
			buildSettings = {
				ALWAYS_SEARCH_USER_PATHS = NO;
				CLANG_ANALYZER_NONNULL = YES;
				CLANG_ANALYZER_NUMBER_OBJECT_CONVERSION = YES_AGGRESSIVE;
				CLANG_CXX_LANGUAGE_STANDARD = "gnu++14";
				CLANG_CXX_LIBRARY = "libc++";
				CLANG_ENABLE_MODULES = YES;
				CLANG_ENABLE_OBJC_ARC = YES;
				CLANG_ENABLE_OBJC_WEAK = YES;
				CLANG_WARN_BLOCK_CAPTURE_AUTORELEASING = YES;
				CLANG_WARN_BOOL_CONVERSION = YES;
				CLANG_WARN_COMMA = YES;
				CLANG_WARN_CONSTANT_CONVERSION = YES;
				CLANG_WARN_DEPRECATED_OBJC_IMPLEMENTATIONS = YES;
				CLANG_WARN_DIRECT_OBJC_ISA_USAGE = YES_ERROR;
				CLANG_WARN_DOCUMENTATION_COMMENTS = YES;
				CLANG_WARN_EMPTY_BODY = YES;
				CLANG_WARN_ENUM_CONVERSION = YES;
				CLANG_WARN_INFINITE_RECURSION = YES;
				CLANG_WARN_INT_CONVERSION = YES;
				CLANG_WARN_NON_LITERAL_NULL_CONVERSION = YES;
				CLANG_WARN_OBJC_IMPLICIT_RETAIN_SELF = YES;
				CLANG_WARN_OBJC_LITERAL_CONVERSION = YES;
				CLANG_WARN_OBJC_ROOT_CLASS = YES_ERROR;
				CLANG_WARN_RANGE_LOOP_ANALYSIS = YES;
				CLANG_WARN_STRICT_PROTOTYPES = YES;
				CLANG_WARN_SUSPICIOUS_MOVE = YES;
				CLANG_WARN_UNGUARDED_AVAILABILITY = YES_AGGRESSIVE;
				CLANG_WARN_UNREACHABLE_CODE = YES;
				CLANG_WARN__DUPLICATE_METHOD_MATCH = YES;
				CODE_SIGN_IDENTITY = "iPhone Developer";
				COPY_PHASE_STRIP = NO;
				DEBUG_INFORMATION_FORMAT = dwarf;
				ENABLE_STRICT_OBJC_MSGSEND = YES;
				ENABLE_TESTABILITY = YES;
				GCC_C_LANGUAGE_STANDARD = gnu11;
				GCC_DYNAMIC_NO_PIC = NO;
				GCC_NO_COMMON_BLOCKS = YES;
				GCC_OPTIMIZATION_LEVEL = 0;
				GCC_PREPROCESSOR_DEFINITIONS = (
					"DEBUG=1",
					"$(inherited)",
				);
				GCC_WARN_64_TO_32_BIT_CONVERSION = YES;
				GCC_WARN_ABOUT_RETURN_TYPE = YES_ERROR;
				GCC_WARN_UNDECLARED_SELECTOR = YES;
				GCC_WARN_UNINITIALIZED_AUTOS = YES_AGGRESSIVE;
				GCC_WARN_UNUSED_FUNCTION = YES;
				GCC_WARN_UNUSED_VARIABLE = YES;
				IPHONEOS_DEPLOYMENT_TARGET = 12.4;
				MTL_ENABLE_DEBUG_INFO = INCLUDE_SOURCE;
				MTL_FAST_MATH = YES;
				ONLY_ACTIVE_ARCH = YES;
				SDKROOT = iphoneos;
				SWIFT_ACTIVE_COMPILATION_CONDITIONS = DEBUG;
				SWIFT_OPTIMIZATION_LEVEL = "-Onone";
			};
			name = Debug;
		};
		6DCC979E22E8DB5000FA4123 /* Release */ = {
			isa = XCBuildConfiguration;
			buildSettings = {
				ALWAYS_SEARCH_USER_PATHS = NO;
				CLANG_ANALYZER_NONNULL = YES;
				CLANG_ANALYZER_NUMBER_OBJECT_CONVERSION = YES_AGGRESSIVE;
				CLANG_CXX_LANGUAGE_STANDARD = "gnu++14";
				CLANG_CXX_LIBRARY = "libc++";
				CLANG_ENABLE_MODULES = YES;
				CLANG_ENABLE_OBJC_ARC = YES;
				CLANG_ENABLE_OBJC_WEAK = YES;
				CLANG_WARN_BLOCK_CAPTURE_AUTORELEASING = YES;
				CLANG_WARN_BOOL_CONVERSION = YES;
				CLANG_WARN_COMMA = YES;
				CLANG_WARN_CONSTANT_CONVERSION = YES;
				CLANG_WARN_DEPRECATED_OBJC_IMPLEMENTATIONS = YES;
				CLANG_WARN_DIRECT_OBJC_ISA_USAGE = YES_ERROR;
				CLANG_WARN_DOCUMENTATION_COMMENTS = YES;
				CLANG_WARN_EMPTY_BODY = YES;
				CLANG_WARN_ENUM_CONVERSION = YES;
				CLANG_WARN_INFINITE_RECURSION = YES;
				CLANG_WARN_INT_CONVERSION = YES;
				CLANG_WARN_NON_LITERAL_NULL_CONVERSION = YES;
				CLANG_WARN_OBJC_IMPLICIT_RETAIN_SELF = YES;
				CLANG_WARN_OBJC_LITERAL_CONVERSION = YES;
				CLANG_WARN_OBJC_ROOT_CLASS = YES_ERROR;
				CLANG_WARN_RANGE_LOOP_ANALYSIS = YES;
				CLANG_WARN_STRICT_PROTOTYPES = YES;
				CLANG_WARN_SUSPICIOUS_MOVE = YES;
				CLANG_WARN_UNGUARDED_AVAILABILITY = YES_AGGRESSIVE;
				CLANG_WARN_UNREACHABLE_CODE = YES;
				CLANG_WARN__DUPLICATE_METHOD_MATCH = YES;
				CODE_SIGN_IDENTITY = "iPhone Developer";
				COPY_PHASE_STRIP = NO;
				DEBUG_INFORMATION_FORMAT = "dwarf-with-dsym";
				ENABLE_NS_ASSERTIONS = NO;
				ENABLE_STRICT_OBJC_MSGSEND = YES;
				GCC_C_LANGUAGE_STANDARD = gnu11;
				GCC_NO_COMMON_BLOCKS = YES;
				GCC_WARN_64_TO_32_BIT_CONVERSION = YES;
				GCC_WARN_ABOUT_RETURN_TYPE = YES_ERROR;
				GCC_WARN_UNDECLARED_SELECTOR = YES;
				GCC_WARN_UNINITIALIZED_AUTOS = YES_AGGRESSIVE;
				GCC_WARN_UNUSED_FUNCTION = YES;
				GCC_WARN_UNUSED_VARIABLE = YES;
				IPHONEOS_DEPLOYMENT_TARGET = 12.4;
				MTL_ENABLE_DEBUG_INFO = NO;
				MTL_FAST_MATH = YES;
				SDKROOT = iphoneos;
				SWIFT_COMPILATION_MODE = wholemodule;
				SWIFT_OPTIMIZATION_LEVEL = "-O";
				VALIDATE_PRODUCT = YES;
			};
			name = Release;
		};
		6DCC97A022E8DB5000FA4123 /* Debug */ = {
			isa = XCBuildConfiguration;
			buildSettings = {
				ASSETCATALOG_COMPILER_APPICON_NAME = AppIcon;
				CODE_SIGN_STYLE = Automatic;
				DEVELOPMENT_TEAM = 559ZUS8KA9;
				INFOPLIST_FILE = Exercises/Info.plist;
				LD_RUNPATH_SEARCH_PATHS = (
					"$(inherited)",
					"@executable_path/Frameworks",
				);
				PRODUCT_BUNDLE_IDENTIFIER = Home.Exercises;
				PRODUCT_NAME = "$(TARGET_NAME)";
				SWIFT_VERSION = 5.0;
				TARGETED_DEVICE_FAMILY = "1,2";
			};
			name = Debug;
		};
		6DCC97A122E8DB5000FA4123 /* Release */ = {
			isa = XCBuildConfiguration;
			buildSettings = {
				ASSETCATALOG_COMPILER_APPICON_NAME = AppIcon;
				CODE_SIGN_STYLE = Automatic;
				DEVELOPMENT_TEAM = 559ZUS8KA9;
				INFOPLIST_FILE = Exercises/Info.plist;
				LD_RUNPATH_SEARCH_PATHS = (
					"$(inherited)",
					"@executable_path/Frameworks",
				);
				PRODUCT_BUNDLE_IDENTIFIER = Home.Exercises;
				PRODUCT_NAME = "$(TARGET_NAME)";
				SWIFT_VERSION = 5.0;
				TARGETED_DEVICE_FAMILY = "1,2";
			};
			name = Release;
		};
		6DCC97A322E8DB5000FA4123 /* Debug */ = {
			isa = XCBuildConfiguration;
			buildSettings = {
				ALWAYS_EMBED_SWIFT_STANDARD_LIBRARIES = YES;
				BUNDLE_LOADER = "$(TEST_HOST)";
				CODE_SIGN_STYLE = Automatic;
				DEVELOPMENT_TEAM = 559ZUS8KA9;
				INFOPLIST_FILE = ExercisesTests/Info.plist;
				LD_RUNPATH_SEARCH_PATHS = (
					"$(inherited)",
					"@executable_path/Frameworks",
					"@loader_path/Frameworks",
				);
				PRODUCT_BUNDLE_IDENTIFIER = Home.ExercisesTests;
				PRODUCT_NAME = "$(TARGET_NAME)";
				SWIFT_VERSION = 5.0;
				TARGETED_DEVICE_FAMILY = "1,2";
				TEST_HOST = "$(BUILT_PRODUCTS_DIR)/Exercises.app/Exercises";
			};
			name = Debug;
		};
		6DCC97A422E8DB5000FA4123 /* Release */ = {
			isa = XCBuildConfiguration;
			buildSettings = {
				ALWAYS_EMBED_SWIFT_STANDARD_LIBRARIES = YES;
				BUNDLE_LOADER = "$(TEST_HOST)";
				CODE_SIGN_STYLE = Automatic;
				DEVELOPMENT_TEAM = 559ZUS8KA9;
				INFOPLIST_FILE = ExercisesTests/Info.plist;
				LD_RUNPATH_SEARCH_PATHS = (
					"$(inherited)",
					"@executable_path/Frameworks",
					"@loader_path/Frameworks",
				);
				PRODUCT_BUNDLE_IDENTIFIER = Home.ExercisesTests;
				PRODUCT_NAME = "$(TARGET_NAME)";
				SWIFT_VERSION = 5.0;
				TARGETED_DEVICE_FAMILY = "1,2";
				TEST_HOST = "$(BUILT_PRODUCTS_DIR)/Exercises.app/Exercises";
			};
			name = Release;
		};
		6DCC97A622E8DB5000FA4123 /* Debug */ = {
			isa = XCBuildConfiguration;
			buildSettings = {
				ALWAYS_EMBED_SWIFT_STANDARD_LIBRARIES = YES;
				CODE_SIGN_STYLE = Automatic;
				DEVELOPMENT_TEAM = 559ZUS8KA9;
				INFOPLIST_FILE = ExercisesUITests/Info.plist;
				LD_RUNPATH_SEARCH_PATHS = (
					"$(inherited)",
					"@executable_path/Frameworks",
					"@loader_path/Frameworks",
				);
				PRODUCT_BUNDLE_IDENTIFIER = Home.ExercisesUITests;
				PRODUCT_NAME = "$(TARGET_NAME)";
				SWIFT_VERSION = 5.0;
				TARGETED_DEVICE_FAMILY = "1,2";
				TEST_TARGET_NAME = Exercises;
			};
			name = Debug;
		};
		6DCC97A722E8DB5000FA4123 /* Release */ = {
			isa = XCBuildConfiguration;
			buildSettings = {
				ALWAYS_EMBED_SWIFT_STANDARD_LIBRARIES = YES;
				CODE_SIGN_STYLE = Automatic;
				DEVELOPMENT_TEAM = 559ZUS8KA9;
				INFOPLIST_FILE = ExercisesUITests/Info.plist;
				LD_RUNPATH_SEARCH_PATHS = (
					"$(inherited)",
					"@executable_path/Frameworks",
					"@loader_path/Frameworks",
				);
				PRODUCT_BUNDLE_IDENTIFIER = Home.ExercisesUITests;
				PRODUCT_NAME = "$(TARGET_NAME)";
				SWIFT_VERSION = 5.0;
				TARGETED_DEVICE_FAMILY = "1,2";
				TEST_TARGET_NAME = Exercises;
			};
			name = Release;
		};
/* End XCBuildConfiguration section */

/* Begin XCConfigurationList section */
		6DCC977222E8DB4E00FA4123 /* Build configuration list for PBXProject "Exercises" */ = {
			isa = XCConfigurationList;
			buildConfigurations = (
				6DCC979D22E8DB5000FA4123 /* Debug */,
				6DCC979E22E8DB5000FA4123 /* Release */,
			);
			defaultConfigurationIsVisible = 0;
			defaultConfigurationName = Release;
		};
		6DCC979F22E8DB5000FA4123 /* Build configuration list for PBXNativeTarget "Exercises" */ = {
			isa = XCConfigurationList;
			buildConfigurations = (
				6DCC97A022E8DB5000FA4123 /* Debug */,
				6DCC97A122E8DB5000FA4123 /* Release */,
			);
			defaultConfigurationIsVisible = 0;
			defaultConfigurationName = Release;
		};
		6DCC97A222E8DB5000FA4123 /* Build configuration list for PBXNativeTarget "ExercisesTests" */ = {
			isa = XCConfigurationList;
			buildConfigurations = (
				6DCC97A322E8DB5000FA4123 /* Debug */,
				6DCC97A422E8DB5000FA4123 /* Release */,
			);
			defaultConfigurationIsVisible = 0;
			defaultConfigurationName = Release;
		};
		6DCC97A522E8DB5000FA4123 /* Build configuration list for PBXNativeTarget "ExercisesUITests" */ = {
			isa = XCConfigurationList;
			buildConfigurations = (
				6DCC97A622E8DB5000FA4123 /* Debug */,
				6DCC97A722E8DB5000FA4123 /* Release */,
			);
			defaultConfigurationIsVisible = 0;
			defaultConfigurationName = Release;
		};
/* End XCConfigurationList section */
	};
	rootObject = 6DCC976F22E8DB4E00FA4123 /* Project object */;
}
